
Microsoft Visual Studio Solution File, Format Version 12.00
# Visual Studio 2012
Project("{FAE04EC0-301F-11D3-BF4B-00C04F79EFBC}") = "Db.Utilities", "Db.Utilities\Db.Utilities.csproj", "{5736FE13-41F1-45D2-9432-6F5D42891007}"
EndProject
Project("{FAE04EC0-301F-11D3-BF4B-00C04F79EFBC}") = "TestConnector", "TestConnector\TestConnector.csproj", "{9104AA8F-7D73-4E5C-A92E-7377C31506EA}"
EndProject
Project("{FAE04EC0-301F-11D3-BF4B-00C04F79EFBC}") = "COB.LogWrapper", "..\COB.LogWrapper\COB.LogWrapper\COB.LogWrapper.csproj", "{0FE4F2AA-A7AD-4411-8854-7CAA5039BB03}"
EndProject
Project("{FAE04EC0-301F-11D3-BF4B-00C04F79EFBC}") = "PitchFxDataImporter", "PitchFxDataImporter\PitchFxDataImporter.csproj", "{912FCF9C-BD7A-4C18-A982-3C2891620BBC}"
EndProject
Project("{FAE04EC0-301F-11D3-BF4B-00C04F79EFBC}") = "PitchFx.Contract", "PitchFx.Contract\PitchFx.Contract.csproj", "{CB744A49-CD29-403F-AC41-35C0BF736DDA}"
EndProject
Project("{FAE04EC0-301F-11D3-BF4B-00C04F79EFBC}") = "DisplayPitchFx", "DisplayPitchFx\DisplayPitchFx.csproj", "{F869585C-558E-43CD-9931-14D6AE99A18B}"
EndProject
Project("{FAE04EC0-301F-11D3-BF4B-00C04F79EFBC}") = "PitchFx.Load.ConsoleApp", "PitchFx.Load.ConsoleApp\PitchFx.Load.ConsoleApp.csproj", "{97652D72-E54E-40BE-A90E-382F3E500EA3}"
EndProject
Project("{FAE04EC0-301F-11D3-BF4B-00C04F79EFBC}") = "PitchFx.Implement.Service", "PitchFx.Implement.Service\PitchFx.Implement.Service.csproj", "{FF5D1A03-993A-4873-A81B-BBA781F81A93}"
EndProject
Project("{FAE04EC0-301F-11D3-BF4B-00C04F79EFBC}") = "PitchFx.Load.ServiceHost", "PitchFx.Load.ServiceHost\PitchFx.Load.ServiceHost.csproj", "{89B06A92-0F15-4E82-8280-A2732B2C48F3}"
EndProject
Global
	GlobalSection(SolutionConfigurationPlatforms) = preSolution
		Debug|Any CPU = Debug|Any CPU
		Release|Any CPU = Release|Any CPU
	EndGlobalSection
	GlobalSection(ProjectConfigurationPlatforms) = postSolution
		{5736FE13-41F1-45D2-9432-6F5D42891007}.Debug|Any CPU.ActiveCfg = Debug|Any CPU
		{5736FE13-41F1-45D2-9432-6F5D42891007}.Debug|Any CPU.Build.0 = Debug|Any CPU
		{5736FE13-41F1-45D2-9432-6F5D42891007}.Release|Any CPU.ActiveCfg = Release|Any CPU
		{5736FE13-41F1-45D2-9432-6F5D42891007}.Release|Any CPU.Build.0 = Release|Any CPU
		{9104AA8F-7D73-4E5C-A92E-7377C31506EA}.Debug|Any CPU.ActiveCfg = Debug|Any CPU
		{9104AA8F-7D73-4E5C-A92E-7377C31506EA}.Debug|Any CPU.Build.0 = Debug|Any CPU
		{9104AA8F-7D73-4E5C-A92E-7377C31506EA}.Release|Any CPU.ActiveCfg = Release|Any CPU
		{9104AA8F-7D73-4E5C-A92E-7377C31506EA}.Release|Any CPU.Build.0 = Release|Any CPU
		{0FE4F2AA-A7AD-4411-8854-7CAA5039BB03}.Debug|Any CPU.ActiveCfg = Debug|Any CPU
		{0FE4F2AA-A7AD-4411-8854-7CAA5039BB03}.Debug|Any CPU.Build.0 = Debug|Any CPU
		{0FE4F2AA-A7AD-4411-8854-7CAA5039BB03}.Release|Any CPU.ActiveCfg = Release|Any CPU
		{0FE4F2AA-A7AD-4411-8854-7CAA5039BB03}.Release|Any CPU.Build.0 = Release|Any CPU
		{912FCF9C-BD7A-4C18-A982-3C2891620BBC}.Debug|Any CPU.ActiveCfg = Debug|Any CPU
		{912FCF9C-BD7A-4C18-A982-3C2891620BBC}.Debug|Any CPU.Build.0 = Debug|Any CPU
		{912FCF9C-BD7A-4C18-A982-3C2891620BBC}.Release|Any CPU.ActiveCfg = Release|Any CPU
		{912FCF9C-BD7A-4C18-A982-3C2891620BBC}.Release|Any CPU.Build.0 = Release|Any CPU
		{CB744A49-CD29-403F-AC41-35C0BF736DDA}.Debug|Any CPU.ActiveCfg = Debug|Any CPU
		{CB744A49-CD29-403F-AC41-35C0BF736DDA}.Debug|Any CPU.Build.0 = Debug|Any CPU
		{CB744A49-CD29-403F-AC41-35C0BF736DDA}.Release|Any CPU.ActiveCfg = Release|Any CPU
		{CB744A49-CD29-403F-AC41-35C0BF736DDA}.Release|Any CPU.Build.0 = Release|Any CPU
		{F869585C-558E-43CD-9931-14D6AE99A18B}.Debug|Any CPU.ActiveCfg = Debug|Any CPU
		{F869585C-558E-43CD-9931-14D6AE99A18B}.Debug|Any CPU.Build.0 = Debug|Any CPU
		{F869585C-558E-43CD-9931-14D6AE99A18B}.Release|Any CPU.ActiveCfg = Release|Any CPU
		{F869585C-558E-43CD-9931-14D6AE99A18B}.Release|Any CPU.Build.0 = Release|Any CPU
		{97652D72-E54E-40BE-A90E-382F3E500EA3}.Debug|Any CPU.ActiveCfg = Debug|Any CPU
		{97652D72-E54E-40BE-A90E-382F3E500EA3}.Debug|Any CPU.Build.0 = Debug|Any CPU
		{97652D72-E54E-40BE-A90E-382F3E500EA3}.Release|Any CPU.ActiveCfg = Release|Any CPU
		{97652D72-E54E-40BE-A90E-382F3E500EA3}.Release|Any CPU.Build.0 = Release|Any CPU
		{FF5D1A03-993A-4873-A81B-BBA781F81A93}.Debug|Any CPU.ActiveCfg = Debug|Any CPU
		{FF5D1A03-993A-4873-A81B-BBA781F81A93}.Debug|Any CPU.Build.0 = Debug|Any CPU
		{FF5D1A03-993A-4873-A81B-BBA781F81A93}.Release|Any CPU.ActiveCfg = Release|Any CPU
		{FF5D1A03-993A-4873-A81B-BBA781F81A93}.Release|Any CPU.Build.0 = Release|Any CPU
		{89B06A92-0F15-4E82-8280-A2732B2C48F3}.Debug|Any CPU.ActiveCfg = Debug|Any CPU
		{89B06A92-0F15-4E82-8280-A2732B2C48F3}.Debug|Any CPU.Build.0 = Debug|Any CPU
		{89B06A92-0F15-4E82-8280-A2732B2C48F3}.Release|Any CPU.ActiveCfg = Release|Any CPU
		{89B06A92-0F15-4E82-8280-A2732B2C48F3}.Release|Any CPU.Build.0 = Release|Any CPU
	EndGlobalSection
	GlobalSection(SolutionProperties) = preSolution
		HideSolutionNode = FALSE
	EndGlobalSection
EndGlobal
